// !$*UTF8*$!
{
	archiveVersion = 1;
	classes = {
	};
	objectVersion = 56;
	objects = {

/* Begin PBXBuildFile section */
		176FFFC72A847372001C3B52 /* AulaApp.swift in Sources */ = {isa = PBXBuildFile; fileRef = 176FFFC62A847372001C3B52 /* AulaApp.swift */; };
		176FFFC92A847372001C3B52 /* StackView.swift in Sources */ = {isa = PBXBuildFile; fileRef = 176FFFC82A847372001C3B52 /* StackView.swift */; };
		176FFFCB2A847374001C3B52 /* Assets.xcassets in Resources */ = {isa = PBXBuildFile; fileRef = 176FFFCA2A847374001C3B52 /* Assets.xcassets */; };
		176FFFCE2A847374001C3B52 /* Preview Assets.xcassets in Resources */ = {isa = PBXBuildFile; fileRef = 176FFFCD2A847374001C3B52 /* Preview Assets.xcassets */; };
		176FFFF72A847CF9001C3B52 /* NestedTypesView.swift in Sources */ = {isa = PBXBuildFile; fileRef = 176FFFF62A847CF9001C3B52 /* NestedTypesView.swift */; };
		176FFFF92A847D19001C3B52 /* SubscriptsView.swift in Sources */ = {isa = PBXBuildFile; fileRef = 176FFFF82A847D19001C3B52 /* SubscriptsView.swift */; };
/* End PBXBuildFile section */

/* Begin PBXContainerItemProxy section */
		176FFFD42A847374001C3B52 /* PBXContainerItemProxy */ = {
			isa = PBXContainerItemProxy;
			containerPortal = 176FFFBB2A847372001C3B52 /* Project object */;
			proxyType = 1;
			remoteGlobalIDString = 176FFFC22A847372001C3B52;
			remoteInfo = Aula;
		};
		176FFFDE2A847374001C3B52 /* PBXContainerItemProxy */ = {
			isa = PBXContainerItemProxy;
			containerPortal = 176FFFBB2A847372001C3B52 /* Project object */;
			proxyType = 1;
			remoteGlobalIDString = 176FFFC22A847372001C3B52;
			remoteInfo = Aula;
		};
/* End PBXContainerItemProxy section */

/* Begin PBXFileReference section */
		176FFFC32A847372001C3B52 /* Aula.app */ = {isa = PBXFileReference; explicitFileType = wrapper.application; includeInIndex = 0; path = Aula.app; sourceTree = BUILT_PRODUCTS_DIR; };
		176FFFC62A847372001C3B52 /* AulaApp.swift */ = {isa = PBXFileReference; lastKnownFileType = sourcecode.swift; path = AulaApp.swift; sourceTree = "<group>"; };
		176FFFC82A847372001C3B52 /* StackView.swift */ = {isa = PBXFileReference; lastKnownFileType = sourcecode.swift; path = StackView.swift; sourceTree = "<group>"; };
		176FFFCA2A847374001C3B52 /* Assets.xcassets */ = {isa = PBXFileReference; lastKnownFileType = folder.assetcatalog; path = Assets.xcassets; sourceTree = "<group>"; };
		176FFFCD2A847374001C3B52 /* Preview Assets.xcassets */ = {isa = PBXFileReference; lastKnownFileType = folder.assetcatalog; path = "Preview Assets.xcassets"; sourceTree = "<group>"; };
		176FFFD32A847374001C3B52 /* AulaTests.xctest */ = {isa = PBXFileReference; explicitFileType = wrapper.cfbundle; includeInIndex = 0; path = AulaTests.xctest; sourceTree = BUILT_PRODUCTS_DIR; };
		176FFFDD2A847374001C3B52 /* AulaUITests.xctest */ = {isa = PBXFileReference; explicitFileType = wrapper.cfbundle; includeInIndex = 0; path = AulaUITests.xctest; sourceTree = BUILT_PRODUCTS_DIR; };
		176FFFF62A847CF9001C3B52 /* NestedTypesView.swift */ = {isa = PBXFileReference; lastKnownFileType = sourcecode.swift; path = NestedTypesView.swift; sourceTree = "<group>"; };
		176FFFF82A847D19001C3B52 /* SubscriptsView.swift */ = {isa = PBXFileReference; lastKnownFileType = sourcecode.swift; path = SubscriptsView.swift; sourceTree = "<group>"; };
/* End PBXFileReference section */

/* Begin PBXFrameworksBuildPhase section */
		176FFFC02A847372001C3B52 /* Frameworks */ = {
			isa = PBXFrameworksBuildPhase;
			buildActionMask = 2147483647;
			files = (
			);
			runOnlyForDeploymentPostprocessing = 0;
		};
		176FFFD02A847374001C3B52 /* Frameworks */ = {
			isa = PBXFrameworksBuildPhase;
			buildActionMask = 2147483647;
			files = (
			);
			runOnlyForDeploymentPostprocessing = 0;
		};
		176FFFDA2A847374001C3B52 /* Frameworks */ = {
			isa = PBXFrameworksBuildPhase;
			buildActionMask = 2147483647;
			files = (
			);
			runOnlyForDeploymentPostprocessing = 0;
		};
/* End PBXFrameworksBuildPhase section */

/* Begin PBXGroup section */
		176FFFBA2A847372001C3B52 = {
			isa = PBXGroup;
			children = (
				176FFFC52A847372001C3B52 /* Aula */,
				176FFFC42A847372001C3B52 /* Products */,
			);
			sourceTree = "<group>";
		};
		176FFFC42A847372001C3B52 /* Products */ = {
			isa = PBXGroup;
			children = (
				176FFFC32A847372001C3B52 /* Aula.app */,
				176FFFD32A847374001C3B52 /* AulaTests.xctest */,
				176FFFDD2A847374001C3B52 /* AulaUITests.xctest */,
			);
			name = Products;
			sourceTree = "<group>";
		};
		176FFFC52A847372001C3B52 /* Aula */ = {
			isa = PBXGroup;
			children = (
				176FFFC62A847372001C3B52 /* AulaApp.swift */,
				176FFFC82A847372001C3B52 /* StackView.swift */,
				176FFFF62A847CF9001C3B52 /* NestedTypesView.swift */,
				176FFFF82A847D19001C3B52 /* SubscriptsView.swift */,
				176FFFCA2A847374001C3B52 /* Assets.xcassets */,
				176FFFCC2A847374001C3B52 /* Preview Content */,
			);
			path = Aula;
			sourceTree = "<group>";
		};
		176FFFCC2A847374001C3B52 /* Preview Content */ = {
			isa = PBXGroup;
			children = (
				176FFFCD2A847374001C3B52 /* Preview Assets.xcassets */,
			);
			path = "Preview Content";
			sourceTree = "<group>";
		};
/* End PBXGroup section */

/* Begin PBXNativeTarget section */
		176FFFC22A847372001C3B52 /* Aula */ = {
			isa = PBXNativeTarget;
			buildConfigurationList = 176FFFE72A847374001C3B52 /* Build configuration list for PBXNativeTarget "Aula" */;
			buildPhases = (
				176FFFBF2A847372001C3B52 /* Sources */,
				176FFFC02A847372001C3B52 /* Frameworks */,
				176FFFC12A847372001C3B52 /* Resources */,
			);
			buildRules = (
			);
			dependencies = (
			);
			name = Aula;
			productName = Aula;
			productReference = 176FFFC32A847372001C3B52 /* Aula.app */;
			productType = "com.apple.product-type.application";
		};
		176FFFD22A847374001C3B52 /* AulaTests */ = {
			isa = PBXNativeTarget;
			buildConfigurationList = 176FFFEA2A847374001C3B52 /* Build configuration list for PBXNativeTarget "AulaTests" */;
			buildPhases = (
				176FFFCF2A847374001C3B52 /* Sources */,
				176FFFD02A847374001C3B52 /* Frameworks */,
				176FFFD12A847374001C3B52 /* Resources */,
			);
			buildRules = (
			);
			dependencies = (
				176FFFD52A847374001C3B52 /* PBXTargetDependency */,
			);
			name = AulaTests;
			productName = AulaTests;
			productReference = 176FFFD32A847374001C3B52 /* AulaTests.xctest */;
			productType = "com.apple.product-type.bundle.unit-test";
		};
		176FFFDC2A847374001C3B52 /* AulaUITests */ = {
			isa = PBXNativeTarget;
			buildConfigurationList = 176FFFED2A847374001C3B52 /* Build configuration list for PBXNativeTarget "AulaUITests" */;
			buildPhases = (
				176FFFD92A847374001C3B52 /* Sources */,
				176FFFDA2A847374001C3B52 /* Frameworks */,
				176FFFDB2A847374001C3B52 /* Resources */,
			);
			buildRules = (
			);
			dependencies = (
				176FFFDF2A847374001C3B52 /* PBXTargetDependency */,
			);
			name = AulaUITests;
			productName = AulaUITests;
			productReference = 176FFFDD2A847374001C3B52 /* AulaUITests.xctest */;
			productType = "com.apple.product-type.bundle.ui-testing";
		};
/* End PBXNativeTarget section */

/* Begin PBXProject section */
		176FFFBB2A847372001C3B52 /* Project object */ = {
			isa = PBXProject;
			attributes = {
				BuildIndependentTargetsInParallel = 1;
				LastSwiftUpdateCheck = 1430;
				LastUpgradeCheck = 1430;
				TargetAttributes = {
					176FFFC22A847372001C3B52 = {
						CreatedOnToolsVersion = 14.3.1;
					};
					176FFFD22A847374001C3B52 = {
						CreatedOnToolsVersion = 14.3.1;
						TestTargetID = 176FFFC22A847372001C3B52;
					};
					176FFFDC2A847374001C3B52 = {
						CreatedOnToolsVersion = 14.3.1;
						TestTargetID = 176FFFC22A847372001C3B52;
					};
				};
			};
			buildConfigurationList = 176FFFBE2A847372001C3B52 /* Build configuration list for PBXProject "Aula" */;
			compatibilityVersion = "Xcode 14.0";
			developmentRegion = en;
			hasScannedForEncodings = 0;
			knownRegions = (
				en,
				Base,
			);
			mainGroup = 176FFFBA2A847372001C3B52;
			productRefGroup = 176FFFC42A847372001C3B52 /* Products */;
			projectDirPath = "";
			projectRoot = "";
			targets = (
				176FFFC22A847372001C3B52 /* Aula */,
				176FFFD22A847374001C3B52 /* AulaTests */,
				176FFFDC2A847374001C3B52 /* AulaUITests */,
			);
		};
/* End PBXProject section */

/* Begin PBXResourcesBuildPhase section */
		176FFFC12A847372001C3B52 /* Resources */ = {
			isa = PBXResourcesBuildPhase;
			buildActionMask = 2147483647;
			files = (
				176FFFCE2A847374001C3B52 /* Preview Assets.xcassets in Resources */,
				176FFFCB2A847374001C3B52 /* Assets.xcassets in Resources */,
			);
			runOnlyForDeploymentPostprocessing = 0;
		};
		176FFFD12A847374001C3B52 /* Resources */ = {
			isa = PBXResourcesBuildPhase;
			buildActionMask = 2147483647;
			files = (
			);
			runOnlyForDeploymentPostprocessing = 0;
		};
		176FFFDB2A847374001C3B52 /* Resources */ = {
			isa = PBXResourcesBuildPhase;
			buildActionMask = 2147483647;
			files = (
			);
			runOnlyForDeploymentPostprocessing = 0;
		};
/* End PBXResourcesBuildPhase section */

/* Begin PBXSourcesBuildPhase section */
		176FFFBF2A847372001C3B52 /* Sources */ = {
			isa = PBXSourcesBuildPhase;
			buildActionMask = 2147483647;
			files = (
				176FFFF92A847D19001C3B52 /* SubscriptsView.swift in Sources */,
				176FFFC92A847372001C3B52 /* StackView.swift in Sources */,
				176FFFC72A847372001C3B52 /* AulaApp.swift in Sources */,
				176FFFF72A847CF9001C3B52 /* NestedTypesView.swift in Sources */,
			);
			runOnlyForDeploymentPostprocessing = 0;
		};
		176FFFCF2A847374001C3B52 /* Sources */ = {
			isa = PBXSourcesBuildPhase;
			buildActionMask = 2147483647;
			files = (
			);
			runOnlyForDeploymentPostprocessing = 0;
		};
		176FFFD92A847374001C3B52 /* Sources */ = {
			isa = PBXSourcesBuildPhase;
			buildActionMask = 2147483647;
			files = (
			);
			runOnlyForDeploymentPostprocessing = 0;
		};
/* End PBXSourcesBuildPhase section */

/* Begin PBXTargetDependency section */
		176FFFD52A847374001C3B52 /* PBXTargetDependency */ = {
			isa = PBXTargetDependency;
			target = 176FFFC22A847372001C3B52 /* Aula */;
			targetProxy = 176FFFD42A847374001C3B52 /* PBXContainerItemProxy */;
		};
		176FFFDF2A847374001C3B52 /* PBXTargetDependency */ = {
			isa = PBXTargetDependency;
			target = 176FFFC22A847372001C3B52 /* Aula */;
			targetProxy = 176FFFDE2A847374001C3B52 /* PBXContainerItemProxy */;
		};
/* End PBXTargetDependency section */

/* Begin XCBuildConfiguration section */
		176FFFE52A847374001C3B52 /* Debug */ = {
			isa = XCBuildConfiguration;
			buildSettings = {
				ALWAYS_SEARCH_USER_PATHS = NO;
				CLANG_ANALYZER_NONNULL = YES;
				CLANG_ANALYZER_NUMBER_OBJECT_CONVERSION = YES_AGGRESSIVE;
				CLANG_CXX_LANGUAGE_STANDARD = "gnu++20";
				CLANG_ENABLE_MODULES = YES;
				CLANG_ENABLE_OBJC_ARC = YES;
				CLANG_ENABLE_OBJC_WEAK = YES;
				CLANG_WARN_BLOCK_CAPTURE_AUTORELEASING = YES;
				CLANG_WARN_BOOL_CONVERSION = YES;
				CLANG_WARN_COMMA = YES;
				CLANG_WARN_CONSTANT_CONVERSION = YES;
				CLANG_WARN_DEPRECATED_OBJC_IMPLEMENTATIONS = YES;
				CLANG_WARN_DIRECT_OBJC_ISA_USAGE = YES_ERROR;
				CLANG_WARN_DOCUMENTATION_COMMENTS = YES;
				CLANG_WARN_EMPTY_BODY = YES;
				CLANG_WARN_ENUM_CONVERSION = YES;
				CLANG_WARN_INFINITE_RECURSION = YES;
				CLANG_WARN_INT_CONVERSION = YES;
				CLANG_WARN_NON_LITERAL_NULL_CONVERSION = YES;
				CLANG_WARN_OBJC_IMPLICIT_RETAIN_SELF = YES;
				CLANG_WARN_OBJC_LITERAL_CONVERSION = YES;
				CLANG_WARN_OBJC_ROOT_CLASS = YES_ERROR;
				CLANG_WARN_QUOTED_INCLUDE_IN_FRAMEWORK_HEADER = YES;
				CLANG_WARN_RANGE_LOOP_ANALYSIS = YES;
				CLANG_WARN_STRICT_PROTOTYPES = YES;
				CLANG_WARN_SUSPICIOUS_MOVE = YES;
				CLANG_WARN_UNGUARDED_AVAILABILITY = YES_AGGRESSIVE;
				CLANG_WARN_UNREACHABLE_CODE = YES;
				CLANG_WARN__DUPLICATE_METHOD_MATCH = YES;
				COPY_PHASE_STRIP = NO;
				DEBUG_INFORMATION_FORMAT = dwarf;
				ENABLE_STRICT_OBJC_MSGSEND = YES;
				ENABLE_TESTABILITY = YES;
				GCC_C_LANGUAGE_STANDARD = gnu11;
				GCC_DYNAMIC_NO_PIC = NO;
				GCC_NO_COMMON_BLOCKS = YES;
				GCC_OPTIMIZATION_LEVEL = 0;
				GCC_PREPROCESSOR_DEFINITIONS = (
					"DEBUG=1",
					"$(inherited)",
				);
				GCC_WARN_64_TO_32_BIT_CONVERSION = YES;
				GCC_WARN_ABOUT_RETURN_TYPE = YES_ERROR;
				GCC_WARN_UNDECLARED_SELECTOR = YES;
				GCC_WARN_UNINITIALIZED_AUTOS = YES_AGGRESSIVE;
				GCC_WARN_UNUSED_FUNCTION = YES;
				GCC_WARN_UNUSED_VARIABLE = YES;
				IPHONEOS_DEPLOYMENT_TARGET = 16.4;
				MTL_ENABLE_DEBUG_INFO = INCLUDE_SOURCE;
				MTL_FAST_MATH = YES;
				ONLY_ACTIVE_ARCH = YES;
				SDKROOT = iphoneos;
				SWIFT_ACTIVE_COMPILATION_CONDITIONS = DEBUG;
				SWIFT_OPTIMIZATION_LEVEL = "-Onone";
			};
			name = Debug;
		};
		176FFFE62A847374001C3B52 /* Release */ = {
			isa = XCBuildConfiguration;
			buildSettings = {
				ALWAYS_SEARCH_USER_PATHS = NO;
				CLANG_ANALYZER_NONNULL = YES;
				CLANG_ANALYZER_NUMBER_OBJECT_CONVERSION = YES_AGGRESSIVE;
				CLANG_CXX_LANGUAGE_STANDARD = "gnu++20";
				CLANG_ENABLE_MODULES = YES;
				CLANG_ENABLE_OBJC_ARC = YES;
				CLANG_ENABLE_OBJC_WEAK = YES;
				CLANG_WARN_BLOCK_CAPTURE_AUTORELEASING = YES;
				CLANG_WARN_BOOL_CONVERSION = YES;
				CLANG_WARN_COMMA = YES;
				CLANG_WARN_CONSTANT_CONVERSION = YES;
				CLANG_WARN_DEPRECATED_OBJC_IMPLEMENTATIONS = YES;
				CLANG_WARN_DIRECT_OBJC_ISA_USAGE = YES_ERROR;
				CLANG_WARN_DOCUMENTATION_COMMENTS = YES;
				CLANG_WARN_EMPTY_BODY = YES;
				CLANG_WARN_ENUM_CONVERSION = YES;
				CLANG_WARN_INFINITE_RECURSION = YES;
				CLANG_WARN_INT_CONVERSION = YES;
				CLANG_WARN_NON_LITERAL_NULL_CONVERSION = YES;
				CLANG_WARN_OBJC_IMPLICIT_RETAIN_SELF = YES;
				CLANG_WARN_OBJC_LITERAL_CONVERSION = YES;
				CLANG_WARN_OBJC_ROOT_CLASS = YES_ERROR;
				CLANG_WARN_QUOTED_INCLUDE_IN_FRAMEWORK_HEADER = YES;
				CLANG_WARN_RANGE_LOOP_ANALYSIS = YES;
				CLANG_WARN_STRICT_PROTOTYPES = YES;
				CLANG_WARN_SUSPICIOUS_MOVE = YES;
				CLANG_WARN_UNGUARDED_AVAILABILITY = YES_AGGRESSIVE;
				CLANG_WARN_UNREACHABLE_CODE = YES;
				CLANG_WARN__DUPLICATE_METHOD_MATCH = YES;
				COPY_PHASE_STRIP = NO;
				DEBUG_INFORMATION_FORMAT = "dwarf-with-dsym";
				ENABLE_NS_ASSERTIONS = NO;
				ENABLE_STRICT_OBJC_MSGSEND = YES;
				GCC_C_LANGUAGE_STANDARD = gnu11;
				GCC_NO_COMMON_BLOCKS = YES;
				GCC_WARN_64_TO_32_BIT_CONVERSION = YES;
				GCC_WARN_ABOUT_RETURN_TYPE = YES_ERROR;
				GCC_WARN_UNDECLARED_SELECTOR = YES;
				GCC_WARN_UNINITIALIZED_AUTOS = YES_AGGRESSIVE;
				GCC_WARN_UNUSED_FUNCTION = YES;
				GCC_WARN_UNUSED_VARIABLE = YES;
				IPHONEOS_DEPLOYMENT_TARGET = 16.4;
				MTL_ENABLE_DEBUG_INFO = NO;
				MTL_FAST_MATH = YES;
				SDKROOT = iphoneos;
				SWIFT_COMPILATION_MODE = wholemodule;
				SWIFT_OPTIMIZATION_LEVEL = "-O";
				VALIDATE_PRODUCT = YES;
			};
			name = Release;
		};
		176FFFE82A847374001C3B52 /* Debug */ = {
			isa = XCBuildConfiguration;
			buildSettings = {
				ASSETCATALOG_COMPILER_APPICON_NAME = AppIcon;
				ASSETCATALOG_COMPILER_GLOBAL_ACCENT_COLOR_NAME = AccentColor;
				CODE_SIGN_STYLE = Automatic;
				CURRENT_PROJECT_VERSION = 1;
				DEVELOPMENT_ASSET_PATHS = "\"Aula/Preview Content\"";
				DEVELOPMENT_TEAM = 2QC8C374PG;
				ENABLE_PREVIEWS = YES;
				GENERATE_INFOPLIST_FILE = YES;
				INFOPLIST_KEY_UIApplicationSceneManifest_Generation = YES;
				INFOPLIST_KEY_UIApplicationSupportsIndirectInputEvents = YES;
				INFOPLIST_KEY_UILaunchScreen_Generation = YES;
				INFOPLIST_KEY_UISupportedInterfaceOrientations_iPad = "UIInterfaceOrientationPortrait UIInterfaceOrientationPortraitUpsideDown UIInterfaceOrientationLandscapeLeft UIInterfaceOrientationLandscapeRight";
				INFOPLIST_KEY_UISupportedInterfaceOrientations_iPhone = "UIInterfaceOrientationPortrait UIInterfaceOrientationLandscapeLeft UIInterfaceOrientationLandscapeRight";
				LD_RUNPATH_SEARCH_PATHS = (
					"$(inherited)",
					"@executable_path/Frameworks",
				);
				MARKETING_VERSION = 1.0;
				PRODUCT_BUNDLE_IDENTIFIER = br.ufpe.cin.academy..Aula;
				PRODUCT_NAME = "$(TARGET_NAME)";
				SWIFT_EMIT_LOC_STRINGS = YES;
				SWIFT_VERSION = 5.0;
				TARGETED_DEVICE_FAMILY = "1,2";
			};
			name = Debug;
		};
		176FFFE92A847374001C3B52 /* Release */ = {
			isa = XCBuildConfiguration;
			buildSettings = {
				ASSETCATALOG_COMPILER_APPICON_NAME = AppIcon;
				ASSETCATALOG_COMPILER_GLOBAL_ACCENT_COLOR_NAME = AccentColor;
				CODE_SIGN_STYLE = Automatic;
				CURRENT_PROJECT_VERSION = 1;
				DEVELOPMENT_ASSET_PATHS = "\"Aula/Preview Content\"";
				DEVELOPMENT_TEAM = 2QC8C374PG;
				ENABLE_PREVIEWS = YES;
				GENERATE_INFOPLIST_FILE = YES;
				INFOPLIST_KEY_UIApplicationSceneManifest_Generation = YES;
				INFOPLIST_KEY_UIApplicationSupportsIndirectInputEvents = YES;
				INFOPLIST_KEY_UILaunchScreen_Generation = YES;
				INFOPLIST_KEY_UISupportedInterfaceOrientations_iPad = "UIInterfaceOrientationPortrait UIInterfaceOrientationPortraitUpsideDown UIInterfaceOrientationLandscapeLeft UIInterfaceOrientationLandscapeRight";
				INFOPLIST_KEY_UISupportedInterfaceOrientations_iPhone = "UIInterfaceOrientationPortrait UIInterfaceOrientationLandscapeLeft UIInterfaceOrientationLandscapeRight";
				LD_RUNPATH_SEARCH_PATHS = (
					"$(inherited)",
					"@executable_path/Frameworks",
				);
				MARKETING_VERSION = 1.0;
				PRODUCT_BUNDLE_IDENTIFIER = br.ufpe.cin.academy..Aula;
				PRODUCT_NAME = "$(TARGET_NAME)";
				SWIFT_EMIT_LOC_STRINGS = YES;
				SWIFT_VERSION = 5.0;
				TARGETED_DEVICE_FAMILY = "1,2";
			};
			name = Release;
		};
		176FFFEB2A847374001C3B52 /* Debug */ = {
			isa = XCBuildConfiguration;
			buildSettings = {
				ALWAYS_EMBED_SWIFT_STANDARD_LIBRARIES = YES;
				BUNDLE_LOADER = "$(TEST_HOST)";
				CODE_SIGN_STYLE = Automatic;
				CURRENT_PROJECT_VERSION = 1;
				DEVELOPMENT_TEAM = 2QC8C374PG;
				GENERATE_INFOPLIST_FILE = YES;
				IPHONEOS_DEPLOYMENT_TARGET = 16.4;
				MARKETING_VERSION = 1.0;
				PRODUCT_BUNDLE_IDENTIFIER = br.ufpe.cin.academy..AulaTests;
				PRODUCT_NAME = "$(TARGET_NAME)";
				SWIFT_EMIT_LOC_STRINGS = NO;
				SWIFT_VERSION = 5.0;
				TARGETED_DEVICE_FAMILY = "1,2";
				TEST_HOST = "$(BUILT_PRODUCTS_DIR)/Aula.app/$(BUNDLE_EXECUTABLE_FOLDER_PATH)/Aula";
			};
			name = Debug;
		};
		176FFFEC2A847374001C3B52 /* Release */ = {
			isa = XCBuildConfiguration;
			buildSettings = {
				ALWAYS_EMBED_SWIFT_STANDARD_LIBRARIES = YES;
				BUNDLE_LOADER = "$(TEST_HOST)";
				CODE_SIGN_STYLE = Automatic;
				CURRENT_PROJECT_VERSION = 1;
				DEVELOPMENT_TEAM = 2QC8C374PG;
				GENERATE_INFOPLIST_FILE = YES;
				IPHONEOS_DEPLOYMENT_TARGET = 16.4;
				MARKETING_VERSION = 1.0;
				PRODUCT_BUNDLE_IDENTIFIER = br.ufpe.cin.academy..AulaTests;
				PRODUCT_NAME = "$(TARGET_NAME)";
				SWIFT_EMIT_LOC_STRINGS = NO;
				SWIFT_VERSION = 5.0;
				TARGETED_DEVICE_FAMILY = "1,2";
				TEST_HOST = "$(BUILT_PRODUCTS_DIR)/Aula.app/$(BUNDLE_EXECUTABLE_FOLDER_PATH)/Aula";
			};
			name = Release;
		};
		176FFFEE2A847374001C3B52 /* Debug */ = {
			isa = XCBuildConfiguration;
			buildSettings = {
				ALWAYS_EMBED_SWIFT_STANDARD_LIBRARIES = YES;
				CODE_SIGN_STYLE = Automatic;
				CURRENT_PROJECT_VERSION = 1;
				DEVELOPMENT_TEAM = 2QC8C374PG;
				GENERATE_INFOPLIST_FILE = YES;
				MARKETING_VERSION = 1.0;
				PRODUCT_BUNDLE_IDENTIFIER = br.ufpe.cin.academy..AulaUITests;
				PRODUCT_NAME = "$(TARGET_NAME)";
				SWIFT_EMIT_LOC_STRINGS = NO;
				SWIFT_VERSION = 5.0;
				TARGETED_DEVICE_FAMILY = "1,2";
				TEST_TARGET_NAME = Aula;
			};
			name = Debug;
		};
		176FFFEF2A847374001C3B52 /* Release */ = {
			isa = XCBuildConfiguration;
			buildSettings = {
				ALWAYS_EMBED_SWIFT_STANDARD_LIBRARIES = YES;
				CODE_SIGN_STYLE = Automatic;
				CURRENT_PROJECT_VERSION = 1;
				DEVELOPMENT_TEAM = 2QC8C374PG;
				GENERATE_INFOPLIST_FILE = YES;
				MARKETING_VERSION = 1.0;
				PRODUCT_BUNDLE_IDENTIFIER = br.ufpe.cin.academy..AulaUITests;
				PRODUCT_NAME = "$(TARGET_NAME)";
				SWIFT_EMIT_LOC_STRINGS = NO;
				SWIFT_VERSION = 5.0;
				TARGETED_DEVICE_FAMILY = "1,2";
				TEST_TARGET_NAME = Aula;
			};
			name = Release;
		};
/* End XCBuildConfiguration section */

/* Begin XCConfigurationList section */
		176FFFBE2A847372001C3B52 /* Build configuration list for PBXProject "Aula" */ = {
			isa = XCConfigurationList;
			buildConfigurations = (
				176FFFE52A847374001C3B52 /* Debug */,
				176FFFE62A847374001C3B52 /* Release */,
			);
			defaultConfigurationIsVisible = 0;
			defaultConfigurationName = Release;
		};
		176FFFE72A847374001C3B52 /* Build configuration list for PBXNativeTarget "Aula" */ = {
			isa = XCConfigurationList;
			buildConfigurations = (
				176FFFE82A847374001C3B52 /* Debug */,
				176FFFE92A847374001C3B52 /* Release */,
			);
			defaultConfigurationIsVisible = 0;
			defaultConfigurationName = Release;
		};
		176FFFEA2A847374001C3B52 /* Build configuration list for PBXNativeTarget "AulaTests" */ = {
			isa = XCConfigurationList;
			buildConfigurations = (
				176FFFEB2A847374001C3B52 /* Debug */,
				176FFFEC2A847374001C3B52 /* Release */,
			);
			defaultConfigurationIsVisible = 0;
			defaultConfigurationName = Release;
		};
		176FFFED2A847374001C3B52 /* Build configuration list for PBXNativeTarget "AulaUITests" */ = {
			isa = XCConfigurationList;
			buildConfigurations = (
				176FFFEE2A847374001C3B52 /* Debug */,
				176FFFEF2A847374001C3B52 /* Release */,
			);
			defaultConfigurationIsVisible = 0;
			defaultConfigurationName = Release;
		};
/* End XCConfigurationList section */
	};
	rootObject = 176FFFBB2A847372001C3B52 /* Project object */;
}
